
Microsoft Visual Studio Solution File, Format Version 12.00
# Visual Studio Version 16
VisualStudioVersion = 16.0.30128.74
MinimumVisualStudioVersion = 10.0.40219.1
Project("{9A19103F-16F7-4668-BE54-9A1E7A4F7556}") = "Sayuru.Mobile.API", "Sayuru.Mobile.API.csproj", "{509DB039-77B6-4444-A570-59C7F63FF66E}"
EndProject
Project("{9A19103F-16F7-4668-BE54-9A1E7A4F7556}") = "Sayuru.Mobile.API.Data", "..\Sayuru.Mobile.API.Data\Sayuru.Mobile.API.Data.csproj", "{AA934ABC-EA96-4A66-98BA-88B93A49EF92}"
EndProject
Project("{FAE04EC0-301F-11D3-BF4B-00C04F79EFBC}") = "Sayuru.Mobile.API.Test", "..\Sayuru.Mobile.API.Test\Sayuru.Mobile.API.Test.csproj", "{1463FA9E-5B55-454E-8DD5-54436D87FCCB}"
EndProject
Global
	GlobalSection(SolutionConfigurationPlatforms) = preSolution
		Debug|Any CPU = Debug|Any CPU
		Release|Any CPU = Release|Any CPU
	EndGlobalSection
	GlobalSection(ProjectConfigurationPlatforms) = postSolution
		{509DB039-77B6-4444-A570-59C7F63FF66E}.Debug|Any CPU.ActiveCfg = Debug|Any CPU
		{509DB039-77B6-4444-A570-59C7F63FF66E}.Debug|Any CPU.Build.0 = Debug|Any CPU
		{509DB039-77B6-4444-A570-59C7F63FF66E}.Release|Any CPU.ActiveCfg = Release|Any CPU
		{509DB039-77B6-4444-A570-59C7F63FF66E}.Release|Any CPU.Build.0 = Release|Any CPU
		{AA934ABC-EA96-4A66-98BA-88B93A49EF92}.Debug|Any CPU.ActiveCfg = Debug|Any CPU
		{AA934ABC-EA96-4A66-98BA-88B93A49EF92}.Debug|Any CPU.Build.0 = Debug|Any CPU
		{AA934ABC-EA96-4A66-98BA-88B93A49EF92}.Release|Any CPU.ActiveCfg = Release|Any CPU
		{AA934ABC-EA96-4A66-98BA-88B93A49EF92}.Release|Any CPU.Build.0 = Release|Any CPU
		{1463FA9E-5B55-454E-8DD5-54436D87FCCB}.Debug|Any CPU.ActiveCfg = Debug|Any CPU
		{1463FA9E-5B55-454E-8DD5-54436D87FCCB}.Debug|Any CPU.Build.0 = Debug|Any CPU
		{1463FA9E-5B55-454E-8DD5-54436D87FCCB}.Release|Any CPU.ActiveCfg = Release|Any CPU
		{1463FA9E-5B55-454E-8DD5-54436D87FCCB}.Release|Any CPU.Build.0 = Release|Any CPU
	EndGlobalSection
	GlobalSection(SolutionProperties) = preSolution
		HideSolutionNode = FALSE
	EndGlobalSection
	GlobalSection(ExtensibilityGlobals) = postSolution
		SolutionGuid = {2AE6E860-D69C-430A-84B1-A8BCDB98BF1E}
	EndGlobalSection
EndGlobal
